<?xml version="1.0" encoding="UTF-8"?>
<CodeBlocks_project_file>
	<FileVersion major="1" minor="6"/>
	<Project>
		<Option title="Client"/>
		<Option makefile_is_custom="1"/>
		<Option compiler="gcc"/>
		<Option virtualFolders="CMake Files\;CMake Files\asyncServer\;CMake Files\cryptClient\;"/>
		<Build>
			<Target title="all">
				<Option working_dir="/home/max/Projects/TelemetryAgent/cryptClient"/>
				<Option type="4"/>
				<MakeCommands>
					<Build command="/usr/bin/make -f &quot;/home/max/Projects/TelemetryAgent/cryptClient/Makefile&quot;  VERBOSE=1 all"/>
					<CompileFile command="/usr/bin/make -f &quot;/home/max/Projects/TelemetryAgent/cryptClient/Makefile&quot;  VERBOSE=1 &quot;$file&quot;"/>
					<Clean command="/usr/bin/make -f &quot;/home/max/Projects/TelemetryAgent/cryptClient/Makefile&quot;  VERBOSE=1 clean"/>
					<DistClean command="/usr/bin/make -f &quot;/home/max/Projects/TelemetryAgent/cryptClient/Makefile&quot;  VERBOSE=1 clean"/>
				</MakeCommands>
			</Target>
			<Target title="Client">
				<Option output="/home/max/Projects/TelemetryAgent/cryptClient/Client" prefix_auto="0" extension_auto="0"/>
				<Option working_dir="/home/max/Projects/TelemetryAgent/cryptClient"/>
				<Option object_output="./"/>
				<Option type="1"/>
				<Option compiler="gcc"/>
				<Compiler/>
				<MakeCommands>
					<Build command="/usr/bin/make -f &quot;/home/max/Projects/TelemetryAgent/cryptClient/Makefile&quot;  VERBOSE=1 Client"/>
					<CompileFile command="/usr/bin/make -f &quot;/home/max/Projects/TelemetryAgent/cryptClient/Makefile&quot;  VERBOSE=1 &quot;$file&quot;"/>
					<Clean command="/usr/bin/make -f &quot;/home/max/Projects/TelemetryAgent/cryptClient/Makefile&quot;  VERBOSE=1 clean"/>
					<DistClean command="/usr/bin/make -f &quot;/home/max/Projects/TelemetryAgent/cryptClient/Makefile&quot;  VERBOSE=1 clean"/>
				</MakeCommands>
			</Target>
			<Target title="Client/fast">
				<Option output="/home/max/Projects/TelemetryAgent/cryptClient/Client" prefix_auto="0" extension_auto="0"/>
				<Option working_dir="/home/max/Projects/TelemetryAgent/cryptClient"/>
				<Option object_output="./"/>
				<Option type="1"/>
				<Option compiler="gcc"/>
				<Compiler/>
				<MakeCommands>
					<Build command="/usr/bin/make -f &quot;/home/max/Projects/TelemetryAgent/cryptClient/Makefile&quot;  VERBOSE=1 Client/fast"/>
					<CompileFile command="/usr/bin/make -f &quot;/home/max/Projects/TelemetryAgent/cryptClient/Makefile&quot;  VERBOSE=1 &quot;$file&quot;"/>
					<Clean command="/usr/bin/make -f &quot;/home/max/Projects/TelemetryAgent/cryptClient/Makefile&quot;  VERBOSE=1 clean"/>
					<DistClean command="/usr/bin/make -f &quot;/home/max/Projects/TelemetryAgent/cryptClient/Makefile&quot;  VERBOSE=1 clean"/>
				</MakeCommands>
			</Target>
		</Build>
		<Unit filename="/home/max/Projects/TelemetryAgent/cryptClient/Client.cpp">
			<Option target="Client"/>
		</Unit>
		<Unit filename="/home/max/Projects/TelemetryAgent/cryptClient/Client.h">
			<Option target="Client"/>
		</Unit>
		<Unit filename="/home/max/Projects/TelemetryAgent/cryptClient/memory.h">
			<Option target="Client"/>
		</Unit>
		<Unit filename="/home/max/Projects/TelemetryAgent/cryptClient/proc.h">
			<Option target="Client"/>
		</Unit>
		<Unit filename="/home/max/Projects/TelemetryAgent/CMakeLists.txt">
			<Option virtualFolder="CMake Files\"/>
		</Unit>
		<Unit filename="/home/max/Projects/TelemetryAgent/asyncServer/CMakeLists.txt">
			<Option virtualFolder="CMake Files\asyncServer\"/>
		</Unit>
		<Unit filename="/home/max/Projects/TelemetryAgent/cryptClient/CMakeLists.txt">
			<Option virtualFolder="CMake Files\cryptClient\"/>
		</Unit>
	</Project>
</CodeBlocks_project_file>
